// !$*UTF8*$!
{
	archiveVersion = 1;
	classes = {
	};
	objectVersion = 55;
	objects = {

/* Begin PBXBuildFile section */
		D02B44CB27358E210036888E /* Digital_Image_ProcessingApp.swift in Sources */ = {isa = PBXBuildFile; fileRef = D02B44CA27358E210036888E /* Digital_Image_ProcessingApp.swift */; };
		D02B44CD27358E210036888E /* ContentView.swift in Sources */ = {isa = PBXBuildFile; fileRef = D02B44CC27358E210036888E /* ContentView.swift */; };
		D02B44CF27358E210036888E /* Assets.xcassets in Resources */ = {isa = PBXBuildFile; fileRef = D02B44CE27358E210036888E /* Assets.xcassets */; };
		D02B44D227358E210036888E /* Preview Assets.xcassets in Resources */ = {isa = PBXBuildFile; fileRef = D02B44D127358E210036888E /* Preview Assets.xcassets */; };
		D02B44DD27358F120036888E /* SheetView.swift in Sources */ = {isa = PBXBuildFile; fileRef = D02B44DB27358F120036888E /* SheetView.swift */; };
		D02B44DE27358F120036888E /* HoldableButton.swift in Sources */ = {isa = PBXBuildFile; fileRef = D02B44DC27358F120036888E /* HoldableButton.swift */; };
		D02B44E027358F590036888E /* ImageProcessingView.swift in Sources */ = {isa = PBXBuildFile; fileRef = D02B44DF27358F590036888E /* ImageProcessingView.swift */; };
		D02B44E227358FCF0036888E /* ImageView.swift in Sources */ = {isa = PBXBuildFile; fileRef = D02B44E127358FCF0036888E /* ImageView.swift */; };
		D02B44E527359A5B0036888E /* NSImageExtensions.swift in Sources */ = {isa = PBXBuildFile; fileRef = D02B44E427359A5B0036888E /* NSImageExtensions.swift */; };
		D02B44EA27359C3B0036888E /* ImageProcessor.swift in Sources */ = {isa = PBXBuildFile; fileRef = D02B44E927359C3B0036888E /* ImageProcessor.swift */; };
		D02B44EE27359EF00036888E /* BoxBlurImageProcessor.swift.swift in Sources */ = {isa = PBXBuildFile; fileRef = D02B44ED27359EF00036888E /* BoxBlurImageProcessor.swift.swift */; };
		D02B44F02735A0770036888E /* GaussianBlurImageProcessor.swift in Sources */ = {isa = PBXBuildFile; fileRef = D02B44EF2735A0770036888E /* GaussianBlurImageProcessor.swift */; };
		D02B44F22735A0900036888E /* MedianFilterImageProcessor.swift in Sources */ = {isa = PBXBuildFile; fileRef = D02B44F12735A0900036888E /* MedianFilterImageProcessor.swift */; };
		D02B44F42735A0A30036888E /* SobelFilterImageProcessor.swift in Sources */ = {isa = PBXBuildFile; fileRef = D02B44F32735A0A30036888E /* SobelFilterImageProcessor.swift */; };
/* End PBXBuildFile section */

/* Begin PBXFileReference section */
		D02B44C727358E210036888E /* Digital-Image-Processing.app */ = {isa = PBXFileReference; explicitFileType = wrapper.application; includeInIndex = 0; path = "Digital-Image-Processing.app"; sourceTree = BUILT_PRODUCTS_DIR; };
		D02B44CA27358E210036888E /* Digital_Image_ProcessingApp.swift */ = {isa = PBXFileReference; lastKnownFileType = sourcecode.swift; path = Digital_Image_ProcessingApp.swift; sourceTree = "<group>"; };
		D02B44CC27358E210036888E /* ContentView.swift */ = {isa = PBXFileReference; lastKnownFileType = sourcecode.swift; path = ContentView.swift; sourceTree = "<group>"; };
		D02B44CE27358E210036888E /* Assets.xcassets */ = {isa = PBXFileReference; lastKnownFileType = folder.assetcatalog; path = Assets.xcassets; sourceTree = "<group>"; };
		D02B44D127358E210036888E /* Preview Assets.xcassets */ = {isa = PBXFileReference; lastKnownFileType = folder.assetcatalog; path = "Preview Assets.xcassets"; sourceTree = "<group>"; };
		D02B44D327358E210036888E /* Digital_Image_Processing.entitlements */ = {isa = PBXFileReference; lastKnownFileType = text.plist.entitlements; path = Digital_Image_Processing.entitlements; sourceTree = "<group>"; };
		D02B44DB27358F120036888E /* SheetView.swift */ = {isa = PBXFileReference; fileEncoding = 4; lastKnownFileType = sourcecode.swift; path = SheetView.swift; sourceTree = "<group>"; };
		D02B44DC27358F120036888E /* HoldableButton.swift */ = {isa = PBXFileReference; fileEncoding = 4; lastKnownFileType = sourcecode.swift; path = HoldableButton.swift; sourceTree = "<group>"; };
		D02B44DF27358F590036888E /* ImageProcessingView.swift */ = {isa = PBXFileReference; lastKnownFileType = sourcecode.swift; path = ImageProcessingView.swift; sourceTree = "<group>"; };
		D02B44E127358FCF0036888E /* ImageView.swift */ = {isa = PBXFileReference; lastKnownFileType = sourcecode.swift; path = ImageView.swift; sourceTree = "<group>"; };
		D02B44E427359A5B0036888E /* NSImageExtensions.swift */ = {isa = PBXFileReference; lastKnownFileType = sourcecode.swift; path = NSImageExtensions.swift; sourceTree = "<group>"; };
		D02B44E927359C3B0036888E /* ImageProcessor.swift */ = {isa = PBXFileReference; lastKnownFileType = sourcecode.swift; path = ImageProcessor.swift; sourceTree = "<group>"; };
		D02B44ED27359EF00036888E /* BoxBlurImageProcessor.swift.swift */ = {isa = PBXFileReference; lastKnownFileType = sourcecode.swift; path = BoxBlurImageProcessor.swift.swift; sourceTree = "<group>"; };
		D02B44EF2735A0770036888E /* GaussianBlurImageProcessor.swift */ = {isa = PBXFileReference; lastKnownFileType = sourcecode.swift; path = GaussianBlurImageProcessor.swift; sourceTree = "<group>"; };
		D02B44F12735A0900036888E /* MedianFilterImageProcessor.swift */ = {isa = PBXFileReference; lastKnownFileType = sourcecode.swift; path = MedianFilterImageProcessor.swift; sourceTree = "<group>"; };
		D02B44F32735A0A30036888E /* SobelFilterImageProcessor.swift */ = {isa = PBXFileReference; lastKnownFileType = sourcecode.swift; path = SobelFilterImageProcessor.swift; sourceTree = "<group>"; };
/* End PBXFileReference section */

/* Begin PBXFrameworksBuildPhase section */
		D02B44C427358E210036888E /* Frameworks */ = {
			isa = PBXFrameworksBuildPhase;
			buildActionMask = 2147483647;
			files = (
			);
			runOnlyForDeploymentPostprocessing = 0;
		};
/* End PBXFrameworksBuildPhase section */

/* Begin PBXGroup section */
		D02B44BE27358E210036888E = {
			isa = PBXGroup;
			children = (
				D02B44C927358E210036888E /* Digital-Image-Processing */,
				D02B44C827358E210036888E /* Products */,
			);
			sourceTree = "<group>";
		};
		D02B44C827358E210036888E /* Products */ = {
			isa = PBXGroup;
			children = (
				D02B44C727358E210036888E /* Digital-Image-Processing.app */,
			);
			name = Products;
			sourceTree = "<group>";
		};
		D02B44C927358E210036888E /* Digital-Image-Processing */ = {
			isa = PBXGroup;
			children = (
				D02B44E627359C1B0036888E /* Models */,
				D02B44D927358EF70036888E /* Views */,
				D02B44E327359A4C0036888E /* Utils */,
				D02B44CA27358E210036888E /* Digital_Image_ProcessingApp.swift */,
				D02B44CE27358E210036888E /* Assets.xcassets */,
				D02B44D327358E210036888E /* Digital_Image_Processing.entitlements */,
				D02B44D027358E210036888E /* Preview Content */,
			);
			path = "Digital-Image-Processing";
			sourceTree = "<group>";
		};
		D02B44D027358E210036888E /* Preview Content */ = {
			isa = PBXGroup;
			children = (
				D02B44D127358E210036888E /* Preview Assets.xcassets */,
			);
			path = "Preview Content";
			sourceTree = "<group>";
		};
		D02B44D927358EF70036888E /* Views */ = {
			isa = PBXGroup;
			children = (
				D02B44DA27358F120036888E /* Universal */,
				D02B44DF27358F590036888E /* ImageProcessingView.swift */,
				D02B44CC27358E210036888E /* ContentView.swift */,
			);
			path = Views;
			sourceTree = "<group>";
		};
		D02B44DA27358F120036888E /* Universal */ = {
			isa = PBXGroup;
			children = (
				D02B44DB27358F120036888E /* SheetView.swift */,
				D02B44DC27358F120036888E /* HoldableButton.swift */,
				D02B44E127358FCF0036888E /* ImageView.swift */,
			);
			path = Universal;
			sourceTree = "<group>";
		};
		D02B44E327359A4C0036888E /* Utils */ = {
			isa = PBXGroup;
			children = (
				D02B44E427359A5B0036888E /* NSImageExtensions.swift */,
			);
			path = Utils;
			sourceTree = "<group>";
		};
		D02B44E627359C1B0036888E /* Models */ = {
			isa = PBXGroup;
			children = (
				D02B44E927359C3B0036888E /* ImageProcessor.swift */,
				D02B44ED27359EF00036888E /* BoxBlurImageProcessor.swift.swift */,
				D02B44EF2735A0770036888E /* GaussianBlurImageProcessor.swift */,
				D02B44F12735A0900036888E /* MedianFilterImageProcessor.swift */,
				D02B44F32735A0A30036888E /* SobelFilterImageProcessor.swift */,
			);
			path = Models;
			sourceTree = "<group>";
		};
/* End PBXGroup section */

/* Begin PBXNativeTarget section */
		D02B44C627358E210036888E /* Digital-Image-Processing */ = {
			isa = PBXNativeTarget;
			buildConfigurationList = D02B44D627358E210036888E /* Build configuration list for PBXNativeTarget "Digital-Image-Processing" */;
			buildPhases = (
				D02B44C327358E210036888E /* Sources */,
				D02B44C427358E210036888E /* Frameworks */,
				D02B44C527358E210036888E /* Resources */,
			);
			buildRules = (
			);
			dependencies = (
			);
			name = "Digital-Image-Processing";
			productName = "Digital-Image-Processing";
			productReference = D02B44C727358E210036888E /* Digital-Image-Processing.app */;
			productType = "com.apple.product-type.application";
		};
/* End PBXNativeTarget section */

/* Begin PBXProject section */
		D02B44BF27358E210036888E /* Project object */ = {
			isa = PBXProject;
			attributes = {
				BuildIndependentTargetsInParallel = 1;
				LastSwiftUpdateCheck = 1310;
				LastUpgradeCheck = 1310;
				TargetAttributes = {
					D02B44C627358E210036888E = {
						CreatedOnToolsVersion = 13.1;
					};
				};
			};
			buildConfigurationList = D02B44C227358E210036888E /* Build configuration list for PBXProject "Digital-Image-Processing" */;
			compatibilityVersion = "Xcode 13.0";
			developmentRegion = en;
			hasScannedForEncodings = 0;
			knownRegions = (
				en,
				Base,
			);
			mainGroup = D02B44BE27358E210036888E;
			productRefGroup = D02B44C827358E210036888E /* Products */;
			projectDirPath = "";
			projectRoot = "";
			targets = (
				D02B44C627358E210036888E /* Digital-Image-Processing */,
			);
		};
/* End PBXProject section */

/* Begin PBXResourcesBuildPhase section */
		D02B44C527358E210036888E /* Resources */ = {
			isa = PBXResourcesBuildPhase;
			buildActionMask = 2147483647;
			files = (
				D02B44D227358E210036888E /* Preview Assets.xcassets in Resources */,
				D02B44CF27358E210036888E /* Assets.xcassets in Resources */,
			);
			runOnlyForDeploymentPostprocessing = 0;
		};
/* End PBXResourcesBuildPhase section */

/* Begin PBXSourcesBuildPhase section */
		D02B44C327358E210036888E /* Sources */ = {
			isa = PBXSourcesBuildPhase;
			buildActionMask = 2147483647;
			files = (
				D02B44F02735A0770036888E /* GaussianBlurImageProcessor.swift in Sources */,
				D02B44E227358FCF0036888E /* ImageView.swift in Sources */,
				D02B44E027358F590036888E /* ImageProcessingView.swift in Sources */,
				D02B44EA27359C3B0036888E /* ImageProcessor.swift in Sources */,
				D02B44E527359A5B0036888E /* NSImageExtensions.swift in Sources */,
				D02B44CD27358E210036888E /* ContentView.swift in Sources */,
				D02B44DD27358F120036888E /* SheetView.swift in Sources */,
				D02B44EE27359EF00036888E /* BoxBlurImageProcessor.swift.swift in Sources */,
				D02B44DE27358F120036888E /* HoldableButton.swift in Sources */,
				D02B44F22735A0900036888E /* MedianFilterImageProcessor.swift in Sources */,
				D02B44CB27358E210036888E /* Digital_Image_ProcessingApp.swift in Sources */,
				D02B44F42735A0A30036888E /* SobelFilterImageProcessor.swift in Sources */,
			);
			runOnlyForDeploymentPostprocessing = 0;
		};
/* End PBXSourcesBuildPhase section */

/* Begin XCBuildConfiguration section */
		D02B44D427358E210036888E /* Debug */ = {
			isa = XCBuildConfiguration;
			buildSettings = {
				ALWAYS_SEARCH_USER_PATHS = NO;
				CLANG_ANALYZER_NONNULL = YES;
				CLANG_ANALYZER_NUMBER_OBJECT_CONVERSION = YES_AGGRESSIVE;
				CLANG_CXX_LANGUAGE_STANDARD = "gnu++17";
				CLANG_CXX_LIBRARY = "libc++";
				CLANG_ENABLE_MODULES = YES;
				CLANG_ENABLE_OBJC_ARC = YES;
				CLANG_ENABLE_OBJC_WEAK = YES;
				CLANG_WARN_BLOCK_CAPTURE_AUTORELEASING = YES;
				CLANG_WARN_BOOL_CONVERSION = YES;
				CLANG_WARN_COMMA = YES;
				CLANG_WARN_CONSTANT_CONVERSION = YES;
				CLANG_WARN_DEPRECATED_OBJC_IMPLEMENTATIONS = YES;
				CLANG_WARN_DIRECT_OBJC_ISA_USAGE = YES_ERROR;
				CLANG_WARN_DOCUMENTATION_COMMENTS = YES;
				CLANG_WARN_EMPTY_BODY = YES;
				CLANG_WARN_ENUM_CONVERSION = YES;
				CLANG_WARN_INFINITE_RECURSION = YES;
				CLANG_WARN_INT_CONVERSION = YES;
				CLANG_WARN_NON_LITERAL_NULL_CONVERSION = YES;
				CLANG_WARN_OBJC_IMPLICIT_RETAIN_SELF = YES;
				CLANG_WARN_OBJC_LITERAL_CONVERSION = YES;
				CLANG_WARN_OBJC_ROOT_CLASS = YES_ERROR;
				CLANG_WARN_QUOTED_INCLUDE_IN_FRAMEWORK_HEADER = YES;
				CLANG_WARN_RANGE_LOOP_ANALYSIS = YES;
				CLANG_WARN_STRICT_PROTOTYPES = YES;
				CLANG_WARN_SUSPICIOUS_MOVE = YES;
				CLANG_WARN_UNGUARDED_AVAILABILITY = YES_AGGRESSIVE;
				CLANG_WARN_UNREACHABLE_CODE = YES;
				CLANG_WARN__DUPLICATE_METHOD_MATCH = YES;
				COPY_PHASE_STRIP = NO;
				DEBUG_INFORMATION_FORMAT = dwarf;
				ENABLE_STRICT_OBJC_MSGSEND = YES;
				ENABLE_TESTABILITY = YES;
				GCC_C_LANGUAGE_STANDARD = gnu11;
				GCC_DYNAMIC_NO_PIC = NO;
				GCC_NO_COMMON_BLOCKS = YES;
				GCC_OPTIMIZATION_LEVEL = 0;
				GCC_PREPROCESSOR_DEFINITIONS = (
					"DEBUG=1",
					"$(inherited)",
				);
				GCC_WARN_64_TO_32_BIT_CONVERSION = YES;
				GCC_WARN_ABOUT_RETURN_TYPE = YES_ERROR;
				GCC_WARN_UNDECLARED_SELECTOR = YES;
				GCC_WARN_UNINITIALIZED_AUTOS = YES_AGGRESSIVE;
				GCC_WARN_UNUSED_FUNCTION = YES;
				GCC_WARN_UNUSED_VARIABLE = YES;
				MACOSX_DEPLOYMENT_TARGET = 12.0;
				MTL_ENABLE_DEBUG_INFO = INCLUDE_SOURCE;
				MTL_FAST_MATH = YES;
				ONLY_ACTIVE_ARCH = YES;
				SDKROOT = macosx;
				SWIFT_ACTIVE_COMPILATION_CONDITIONS = DEBUG;
				SWIFT_OPTIMIZATION_LEVEL = "-Onone";
			};
			name = Debug;
		};
		D02B44D527358E210036888E /* Release */ = {
			isa = XCBuildConfiguration;
			buildSettings = {
				ALWAYS_SEARCH_USER_PATHS = NO;
				CLANG_ANALYZER_NONNULL = YES;
				CLANG_ANALYZER_NUMBER_OBJECT_CONVERSION = YES_AGGRESSIVE;
				CLANG_CXX_LANGUAGE_STANDARD = "gnu++17";
				CLANG_CXX_LIBRARY = "libc++";
				CLANG_ENABLE_MODULES = YES;
				CLANG_ENABLE_OBJC_ARC = YES;
				CLANG_ENABLE_OBJC_WEAK = YES;
				CLANG_WARN_BLOCK_CAPTURE_AUTORELEASING = YES;
				CLANG_WARN_BOOL_CONVERSION = YES;
				CLANG_WARN_COMMA = YES;
				CLANG_WARN_CONSTANT_CONVERSION = YES;
				CLANG_WARN_DEPRECATED_OBJC_IMPLEMENTATIONS = YES;
				CLANG_WARN_DIRECT_OBJC_ISA_USAGE = YES_ERROR;
				CLANG_WARN_DOCUMENTATION_COMMENTS = YES;
				CLANG_WARN_EMPTY_BODY = YES;
				CLANG_WARN_ENUM_CONVERSION = YES;
				CLANG_WARN_INFINITE_RECURSION = YES;
				CLANG_WARN_INT_CONVERSION = YES;
				CLANG_WARN_NON_LITERAL_NULL_CONVERSION = YES;
				CLANG_WARN_OBJC_IMPLICIT_RETAIN_SELF = YES;
				CLANG_WARN_OBJC_LITERAL_CONVERSION = YES;
				CLANG_WARN_OBJC_ROOT_CLASS = YES_ERROR;
				CLANG_WARN_QUOTED_INCLUDE_IN_FRAMEWORK_HEADER = YES;
				CLANG_WARN_RANGE_LOOP_ANALYSIS = YES;
				CLANG_WARN_STRICT_PROTOTYPES = YES;
				CLANG_WARN_SUSPICIOUS_MOVE = YES;
				CLANG_WARN_UNGUARDED_AVAILABILITY = YES_AGGRESSIVE;
				CLANG_WARN_UNREACHABLE_CODE = YES;
				CLANG_WARN__DUPLICATE_METHOD_MATCH = YES;
				COPY_PHASE_STRIP = NO;
				DEBUG_INFORMATION_FORMAT = "dwarf-with-dsym";
				ENABLE_NS_ASSERTIONS = NO;
				ENABLE_STRICT_OBJC_MSGSEND = YES;
				GCC_C_LANGUAGE_STANDARD = gnu11;
				GCC_NO_COMMON_BLOCKS = YES;
				GCC_WARN_64_TO_32_BIT_CONVERSION = YES;
				GCC_WARN_ABOUT_RETURN_TYPE = YES_ERROR;
				GCC_WARN_UNDECLARED_SELECTOR = YES;
				GCC_WARN_UNINITIALIZED_AUTOS = YES_AGGRESSIVE;
				GCC_WARN_UNUSED_FUNCTION = YES;
				GCC_WARN_UNUSED_VARIABLE = YES;
				MACOSX_DEPLOYMENT_TARGET = 12.0;
				MTL_ENABLE_DEBUG_INFO = NO;
				MTL_FAST_MATH = YES;
				SDKROOT = macosx;
				SWIFT_COMPILATION_MODE = wholemodule;
				SWIFT_OPTIMIZATION_LEVEL = "-O";
			};
			name = Release;
		};
		D02B44D727358E210036888E /* Debug */ = {
			isa = XCBuildConfiguration;
			buildSettings = {
				ASSETCATALOG_COMPILER_APPICON_NAME = AppIcon;
				ASSETCATALOG_COMPILER_GLOBAL_ACCENT_COLOR_NAME = AccentColor;
				CODE_SIGN_ENTITLEMENTS = "Digital-Image-Processing/Digital_Image_Processing.entitlements";
				CODE_SIGN_STYLE = Automatic;
				COMBINE_HIDPI_IMAGES = YES;
				CURRENT_PROJECT_VERSION = 1;
				DEVELOPMENT_ASSET_PATHS = "\"Digital-Image-Processing/Preview Content\"";
				DEVELOPMENT_TEAM = 2RFRHVPMQL;
				ENABLE_HARDENED_RUNTIME = YES;
				ENABLE_PREVIEWS = YES;
				GENERATE_INFOPLIST_FILE = YES;
				INFOPLIST_KEY_NSHumanReadableCopyright = "";
				LD_RUNPATH_SEARCH_PATHS = (
					"$(inherited)",
					"@executable_path/../Frameworks",
				);
				MARKETING_VERSION = 1.0;
				PRODUCT_BUNDLE_IDENTIFIER = "com.xcnk.Digital-Image-Processing";
				PRODUCT_NAME = "$(TARGET_NAME)";
				SWIFT_EMIT_LOC_STRINGS = YES;
				SWIFT_VERSION = 5.0;
			};
			name = Debug;
		};
		D02B44D827358E210036888E /* Release */ = {
			isa = XCBuildConfiguration;
			buildSettings = {
				ASSETCATALOG_COMPILER_APPICON_NAME = AppIcon;
				ASSETCATALOG_COMPILER_GLOBAL_ACCENT_COLOR_NAME = AccentColor;
				CODE_SIGN_ENTITLEMENTS = "Digital-Image-Processing/Digital_Image_Processing.entitlements";
				CODE_SIGN_STYLE = Automatic;
				COMBINE_HIDPI_IMAGES = YES;
				CURRENT_PROJECT_VERSION = 1;
				DEVELOPMENT_ASSET_PATHS = "\"Digital-Image-Processing/Preview Content\"";
				DEVELOPMENT_TEAM = 2RFRHVPMQL;
				ENABLE_HARDENED_RUNTIME = YES;
				ENABLE_PREVIEWS = YES;
				GENERATE_INFOPLIST_FILE = YES;
				INFOPLIST_KEY_NSHumanReadableCopyright = "";
				LD_RUNPATH_SEARCH_PATHS = (
					"$(inherited)",
					"@executable_path/../Frameworks",
				);
				MARKETING_VERSION = 1.0;
				PRODUCT_BUNDLE_IDENTIFIER = "com.xcnk.Digital-Image-Processing";
				PRODUCT_NAME = "$(TARGET_NAME)";
				SWIFT_EMIT_LOC_STRINGS = YES;
				SWIFT_VERSION = 5.0;
			};
			name = Release;
		};
/* End XCBuildConfiguration section */

/* Begin XCConfigurationList section */
		D02B44C227358E210036888E /* Build configuration list for PBXProject "Digital-Image-Processing" */ = {
			isa = XCConfigurationList;
			buildConfigurations = (
				D02B44D427358E210036888E /* Debug */,
				D02B44D527358E210036888E /* Release */,
			);
			defaultConfigurationIsVisible = 0;
			defaultConfigurationName = Release;
		};
		D02B44D627358E210036888E /* Build configuration list for PBXNativeTarget "Digital-Image-Processing" */ = {
			isa = XCConfigurationList;
			buildConfigurations = (
				D02B44D727358E210036888E /* Debug */,
				D02B44D827358E210036888E /* Release */,
			);
			defaultConfigurationIsVisible = 0;
			defaultConfigurationName = Release;
		};
/* End XCConfigurationList section */
	};
	rootObject = D02B44BF27358E210036888E /* Project object */;
}
